{
  "name": "pagedtablejs",
  "version": "0.1.0",
  "lockfileVersion": 1,
  "requires": true,
  "dependencies": {
    "dompurify": {
      "version": "2.0.12",
      "resolved": "https://registry.npmjs.org/dompurify/-/dompurify-2.0.12.tgz",
      "integrity": "sha512-Fl8KseK1imyhErHypFPA8qpq9gPzlsJ/EukA6yk9o0gX23p1TzC+rh9LqNg1qvErRTc0UNMYlKxEGSfSh43NDg=="
    }
  }
}
