{
  "name": "pagedtablejs",
  "version": "0.1.7",
  "lockfileVersion": 1,
  "requires": true,
  "dependencies": {
    "dompurify": {
      "version": "2.0.17",
      "resolved": "https://registry.npmjs.org/dompurify/-/dompurify-2.0.17.tgz",
      "integrity": "sha512-nNwwJfW55r8akD8MSFz6k75bzyT2y6JEa1O3JrZFBf+Y5R9JXXU4OsRl0B9hKoPgHTw2b7ER5yJ5Md97MMUJPg=="
    }
  }
}
